
Microsoft Visual Studio Solution File, Format Version 12.00
# Visual Studio Version 17
VisualStudioVersion = 17.14.36121.58 d17.14
MinimumVisualStudioVersion = 10.0.40219.1
Project("{FAE04EC0-301F-11D3-BF4B-00C04F79EFBC}") = "01_MainSubjects", "01_MainSubjects\01_MainSubjects.csproj", "{D99148E8-5C7E-427A-BD00-DDF32C0A122B}"
EndProject
Project("{FAE04EC0-301F-11D3-BF4B-00C04F79EFBC}") = "02_Variables", "02_Variables\02_Variables.csproj", "{0DE8A442-1DCE-4709-9686-85A96840E41D}"
EndProject
Global
	GlobalSection(SolutionConfigurationPlatforms) = preSolution
		Debug|Any CPU = Debug|Any CPU
		Release|Any CPU = Release|Any CPU
	EndGlobalSection
	GlobalSection(ProjectConfigurationPlatforms) = postSolution
		{D99148E8-5C7E-427A-BD00-DDF32C0A122B}.Debug|Any CPU.ActiveCfg = Debug|Any CPU
		{D99148E8-5C7E-427A-BD00-DDF32C0A122B}.Debug|Any CPU.Build.0 = Debug|Any CPU
		{D99148E8-5C7E-427A-BD00-DDF32C0A122B}.Release|Any CPU.ActiveCfg = Release|Any CPU
		{D99148E8-5C7E-427A-BD00-DDF32C0A122B}.Release|Any CPU.Build.0 = Release|Any CPU
		{0DE8A442-1DCE-4709-9686-85A96840E41D}.Debug|Any CPU.ActiveCfg = Debug|Any CPU
		{0DE8A442-1DCE-4709-9686-85A96840E41D}.Debug|Any CPU.Build.0 = Debug|Any CPU
		{0DE8A442-1DCE-4709-9686-85A96840E41D}.Release|Any CPU.ActiveCfg = Release|Any CPU
		{0DE8A442-1DCE-4709-9686-85A96840E41D}.Release|Any CPU.Build.0 = Release|Any CPU
	EndGlobalSection
	GlobalSection(SolutionProperties) = preSolution
		HideSolutionNode = FALSE
	EndGlobalSection
	GlobalSection(ExtensibilityGlobals) = postSolution
		SolutionGuid = {A6BEA640-7200-43F7-A9CB-ADE4E3DDE37F}
	EndGlobalSection
EndGlobal
